
Microsoft Visual Studio Solution File, Format Version 12.00
# Visual Studio Version 17
VisualStudioVersion = 17.2.32630.192
MinimumVisualStudioVersion = 10.0.40219.1
Project("{9A19103F-16F7-4668-BE54-9A1E7A4F7556}") = "LibRP", "LibRP\LibRP.csproj", "{2704DE24-FA1A-4885-A00E-EB57BA222BDA}"
EndProject
Global
	GlobalSection(SolutionConfigurationPlatforms) = preSolution
		Debug|Any CPU = Debug|Any CPU
		Release|Any CPU = Release|Any CPU
	EndGlobalSection
	GlobalSection(ProjectConfigurationPlatforms) = postSolution
		{2704DE24-FA1A-4885-A00E-EB57BA222BDA}.Debug|Any CPU.ActiveCfg = Debug|Any CPU
		{2704DE24-FA1A-4885-A00E-EB57BA222BDA}.Debug|Any CPU.Build.0 = Debug|Any CPU
		{2704DE24-FA1A-4885-A00E-EB57BA222BDA}.Release|Any CPU.ActiveCfg = Release|Any CPU
		{2704DE24-FA1A-4885-A00E-EB57BA222BDA}.Release|Any CPU.Build.0 = Release|Any CPU
	EndGlobalSection
	GlobalSection(SolutionProperties) = preSolution
		HideSolutionNode = FALSE
	EndGlobalSection
	GlobalSection(ExtensibilityGlobals) = postSolution
		SolutionGuid = {E4A5A317-BF8E-4630-B24C-B2C77DC5637D}
	EndGlobalSection
EndGlobal
