
Microsoft Visual Studio Solution File, Format Version 12.00
# Visual Studio Version 17
VisualStudioVersion = 17.2.32630.192
MinimumVisualStudioVersion = 10.0.40219.1
Project("{FAE04EC0-301F-11D3-BF4B-00C04F79EFBC}") = "LibServices", "LibServices\LibServices.csproj", "{0615E815-E75A-4365-AC26-AED50B6140CD}"
EndProject
Global
	GlobalSection(SolutionConfigurationPlatforms) = preSolution
		Debug|Any CPU = Debug|Any CPU
		Release|Any CPU = Release|Any CPU
	EndGlobalSection
	GlobalSection(ProjectConfigurationPlatforms) = postSolution
		{0615E815-E75A-4365-AC26-AED50B6140CD}.Debug|Any CPU.ActiveCfg = Debug|Any CPU
		{0615E815-E75A-4365-AC26-AED50B6140CD}.Debug|Any CPU.Build.0 = Debug|Any CPU
		{0615E815-E75A-4365-AC26-AED50B6140CD}.Release|Any CPU.ActiveCfg = Release|Any CPU
		{0615E815-E75A-4365-AC26-AED50B6140CD}.Release|Any CPU.Build.0 = Release|Any CPU
	EndGlobalSection
	GlobalSection(SolutionProperties) = preSolution
		HideSolutionNode = FALSE
	EndGlobalSection
	GlobalSection(ExtensibilityGlobals) = postSolution
		SolutionGuid = {EDB519A2-4916-446E-8B93-8C99A0FC4F32}
	EndGlobalSection
EndGlobal
